
Microsoft Visual Studio Solution File, Format Version 12.00
# Visual Studio Version 17
VisualStudioVersion = 17.8.34330.188
MinimumVisualStudioVersion = 10.0.40219.1
Project("{FAE04EC0-301F-11D3-BF4B-00C04F79EFBC}") = "CoreBackendApp.Api", "CoreBackendApp.Api\CoreBackendApp.Api.csproj", "{915DFEC7-E639-4B50-A948-4E2C1105507A}"
EndProject
Project("{FAE04EC0-301F-11D3-BF4B-00C04F79EFBC}") = "CoreBackendApp.Domain", "CoreBackendApp.Domain\CoreBackendApp.Domain.csproj", "{21426840-7322-4F5F-8D96-CC0C1919BB13}"
EndProject
Project("{FAE04EC0-301F-11D3-BF4B-00C04F79EFBC}") = "CoreBackendApp.Application", "CoreBackendApp.Application\CoreBackendApp.Application.csproj", "{36927ECA-73AC-49F5-A899-E291BDF1E636}"
EndProject
Project("{FAE04EC0-301F-11D3-BF4B-00C04F79EFBC}") = "CoreBackendApp.Infrastructure", "CoreBackendApp.Infrastructure\CoreBackendApp.Infrastructure.csproj", "{D4D18F06-7948-473F-82E4-2518F53EF93E}"
EndProject
Project("{FAE04EC0-301F-11D3-BF4B-00C04F79EFBC}") = "CoreBackendApp.UnitTests", "CoreBackendApp.UnitTests\CoreBackendApp.UnitTests.csproj", "{833EABD7-2893-46FC-A8E5-11FCC56486C9}"
EndProject
Global
	GlobalSection(SolutionConfigurationPlatforms) = preSolution
		Debug|Any CPU = Debug|Any CPU
		Debug|x64 = Debug|x64
		Debug|x86 = Debug|x86
		Release|Any CPU = Release|Any CPU
		Release|x64 = Release|x64
		Release|x86 = Release|x86
	EndGlobalSection
	GlobalSection(ProjectConfigurationPlatforms) = postSolution
		{915DFEC7-E639-4B50-A948-4E2C1105507A}.Debug|Any CPU.ActiveCfg = Debug|Any CPU
		{915DFEC7-E639-4B50-A948-4E2C1105507A}.Debug|Any CPU.Build.0 = Debug|Any CPU
		{915DFEC7-E639-4B50-A948-4E2C1105507A}.Debug|x64.ActiveCfg = Debug|Any CPU
		{915DFEC7-E639-4B50-A948-4E2C1105507A}.Debug|x64.Build.0 = Debug|Any CPU
		{915DFEC7-E639-4B50-A948-4E2C1105507A}.Debug|x86.ActiveCfg = Debug|Any CPU
		{915DFEC7-E639-4B50-A948-4E2C1105507A}.Debug|x86.Build.0 = Debug|Any CPU
		{915DFEC7-E639-4B50-A948-4E2C1105507A}.Release|Any CPU.ActiveCfg = Release|Any CPU
		{915DFEC7-E639-4B50-A948-4E2C1105507A}.Release|Any CPU.Build.0 = Release|Any CPU
		{915DFEC7-E639-4B50-A948-4E2C1105507A}.Release|x64.ActiveCfg = Release|Any CPU
		{915DFEC7-E639-4B50-A948-4E2C1105507A}.Release|x64.Build.0 = Release|Any CPU
		{915DFEC7-E639-4B50-A948-4E2C1105507A}.Release|x86.ActiveCfg = Release|Any CPU
		{915DFEC7-E639-4B50-A948-4E2C1105507A}.Release|x86.Build.0 = Release|Any CPU
		{21426840-7322-4F5F-8D96-CC0C1919BB13}.Debug|Any CPU.ActiveCfg = Debug|Any CPU
		{21426840-7322-4F5F-8D96-CC0C1919BB13}.Debug|Any CPU.Build.0 = Debug|Any CPU
		{21426840-7322-4F5F-8D96-CC0C1919BB13}.Debug|x64.ActiveCfg = Debug|Any CPU
		{21426840-7322-4F5F-8D96-CC0C1919BB13}.Debug|x64.Build.0 = Debug|Any CPU
		{21426840-7322-4F5F-8D96-CC0C1919BB13}.Debug|x86.ActiveCfg = Debug|Any CPU
		{21426840-7322-4F5F-8D96-CC0C1919BB13}.Debug|x86.Build.0 = Debug|Any CPU
		{21426840-7322-4F5F-8D96-CC0C1919BB13}.Release|Any CPU.ActiveCfg = Release|Any CPU
		{21426840-7322-4F5F-8D96-CC0C1919BB13}.Release|Any CPU.Build.0 = Release|Any CPU
		{21426840-7322-4F5F-8D96-CC0C1919BB13}.Release|x64.ActiveCfg = Release|Any CPU
		{21426840-7322-4F5F-8D96-CC0C1919BB13}.Release|x64.Build.0 = Release|Any CPU
		{21426840-7322-4F5F-8D96-CC0C1919BB13}.Release|x86.ActiveCfg = Release|Any CPU
		{21426840-7322-4F5F-8D96-CC0C1919BB13}.Release|x86.Build.0 = Release|Any CPU
		{36927ECA-73AC-49F5-A899-E291BDF1E636}.Debug|Any CPU.ActiveCfg = Debug|Any CPU
		{36927ECA-73AC-49F5-A899-E291BDF1E636}.Debug|Any CPU.Build.0 = Debug|Any CPU
		{36927ECA-73AC-49F5-A899-E291BDF1E636}.Debug|x64.ActiveCfg = Debug|Any CPU
		{36927ECA-73AC-49F5-A899-E291BDF1E636}.Debug|x64.Build.0 = Debug|Any CPU
		{36927ECA-73AC-49F5-A899-E291BDF1E636}.Debug|x86.ActiveCfg = Debug|Any CPU
		{36927ECA-73AC-49F5-A899-E291BDF1E636}.Debug|x86.Build.0 = Debug|Any CPU
		{36927ECA-73AC-49F5-A899-E291BDF1E636}.Release|Any CPU.ActiveCfg = Release|Any CPU
		{36927ECA-73AC-49F5-A899-E291BDF1E636}.Release|Any CPU.Build.0 = Release|Any CPU
		{36927ECA-73AC-49F5-A899-E291BDF1E636}.Release|x64.ActiveCfg = Release|Any CPU
		{36927ECA-73AC-49F5-A899-E291BDF1E636}.Release|x64.Build.0 = Release|Any CPU
		{36927ECA-73AC-49F5-A899-E291BDF1E636}.Release|x86.ActiveCfg = Release|Any CPU
		{36927ECA-73AC-49F5-A899-E291BDF1E636}.Release|x86.Build.0 = Release|Any CPU
		{D4D18F06-7948-473F-82E4-2518F53EF93E}.Debug|Any CPU.ActiveCfg = Debug|Any CPU
		{D4D18F06-7948-473F-82E4-2518F53EF93E}.Debug|Any CPU.Build.0 = Debug|Any CPU
		{D4D18F06-7948-473F-82E4-2518F53EF93E}.Debug|x64.ActiveCfg = Debug|Any CPU
		{D4D18F06-7948-473F-82E4-2518F53EF93E}.Debug|x64.Build.0 = Debug|Any CPU
		{D4D18F06-7948-473F-82E4-2518F53EF93E}.Debug|x86.ActiveCfg = Debug|Any CPU
		{D4D18F06-7948-473F-82E4-2518F53EF93E}.Debug|x86.Build.0 = Debug|Any CPU
		{D4D18F06-7948-473F-82E4-2518F53EF93E}.Release|Any CPU.ActiveCfg = Release|Any CPU
		{D4D18F06-7948-473F-82E4-2518F53EF93E}.Release|Any CPU.Build.0 = Release|Any CPU
		{D4D18F06-7948-473F-82E4-2518F53EF93E}.Release|x64.ActiveCfg = Release|Any CPU
		{D4D18F06-7948-473F-82E4-2518F53EF93E}.Release|x64.Build.0 = Release|Any CPU
		{D4D18F06-7948-473F-82E4-2518F53EF93E}.Release|x86.ActiveCfg = Release|Any CPU
		{D4D18F06-7948-473F-82E4-2518F53EF93E}.Release|x86.Build.0 = Release|Any CPU
		{833EABD7-2893-46FC-A8E5-11FCC56486C9}.Debug|Any CPU.ActiveCfg = Debug|Any CPU
		{833EABD7-2893-46FC-A8E5-11FCC56486C9}.Debug|Any CPU.Build.0 = Debug|Any CPU
		{833EABD7-2893-46FC-A8E5-11FCC56486C9}.Debug|x64.ActiveCfg = Debug|Any CPU
		{833EABD7-2893-46FC-A8E5-11FCC56486C9}.Debug|x64.Build.0 = Debug|Any CPU
		{833EABD7-2893-46FC-A8E5-11FCC56486C9}.Debug|x86.ActiveCfg = Debug|Any CPU
		{833EABD7-2893-46FC-A8E5-11FCC56486C9}.Debug|x86.Build.0 = Debug|Any CPU
		{833EABD7-2893-46FC-A8E5-11FCC56486C9}.Release|Any CPU.ActiveCfg = Release|Any CPU
		{833EABD7-2893-46FC-A8E5-11FCC56486C9}.Release|Any CPU.Build.0 = Release|Any CPU
		{833EABD7-2893-46FC-A8E5-11FCC56486C9}.Release|x64.ActiveCfg = Release|Any CPU
		{833EABD7-2893-46FC-A8E5-11FCC56486C9}.Release|x64.Build.0 = Release|Any CPU
		{833EABD7-2893-46FC-A8E5-11FCC56486C9}.Release|x86.ActiveCfg = Release|Any CPU
		{833EABD7-2893-46FC-A8E5-11FCC56486C9}.Release|x86.Build.0 = Release|Any CPU
	EndGlobalSection
	GlobalSection(SolutionProperties) = preSolution
		HideSolutionNode = FALSE
	EndGlobalSection
	GlobalSection(ExtensibilityGlobals) = postSolution
		SolutionGuid = {F8572568-5BC7-4EDB-874A-374FB4A31A49}
	EndGlobalSection
EndGlobal
